
Microsoft Visual Studio Solution File, Format Version 12.00
# Visual Studio 2012
Project("{F2A71F9B-5D33-465A-A702-920D77279786}") = "Mnemonics", "Mnemonics\Mnemonics.fsproj", "{910D73F5-75BA-47AA-BAAD-4434687D1E9B}"
EndProject
Project("{FAE04EC0-301F-11D3-BF4B-00C04F79EFBC}") = "Mnemonics.XML", "Mnemonics.XML\Mnemonics.XML.csproj", "{384EBCF4-BD1E-40E8-8CDF-B635E411DF03}"
EndProject
Global
	GlobalSection(SolutionConfigurationPlatforms) = preSolution
		Debug|Any CPU = Debug|Any CPU
		Release|Any CPU = Release|Any CPU
	EndGlobalSection
	GlobalSection(ProjectConfigurationPlatforms) = postSolution
		{910D73F5-75BA-47AA-BAAD-4434687D1E9B}.Debug|Any CPU.ActiveCfg = Debug|Any CPU
		{910D73F5-75BA-47AA-BAAD-4434687D1E9B}.Debug|Any CPU.Build.0 = Debug|Any CPU
		{910D73F5-75BA-47AA-BAAD-4434687D1E9B}.Release|Any CPU.ActiveCfg = Release|Any CPU
		{910D73F5-75BA-47AA-BAAD-4434687D1E9B}.Release|Any CPU.Build.0 = Release|Any CPU
		{384EBCF4-BD1E-40E8-8CDF-B635E411DF03}.Debug|Any CPU.ActiveCfg = Debug|Any CPU
		{384EBCF4-BD1E-40E8-8CDF-B635E411DF03}.Debug|Any CPU.Build.0 = Debug|Any CPU
		{384EBCF4-BD1E-40E8-8CDF-B635E411DF03}.Release|Any CPU.ActiveCfg = Release|Any CPU
		{384EBCF4-BD1E-40E8-8CDF-B635E411DF03}.Release|Any CPU.Build.0 = Release|Any CPU
	EndGlobalSection
	GlobalSection(SolutionProperties) = preSolution
		HideSolutionNode = FALSE
	EndGlobalSection
EndGlobal
